
Microsoft Visual Studio Solution File, Format Version 12.00
# Visual Studio 15
Project("{FAE04EC0-301F-11D3-BF4B-00C04F79EFBC}") = "MARTOAIO", "MARTOAIO.csproj", "{34E6B509-268E-474D-AD98-66CF096E425B}"
EndProject
Global
	GlobalSection(SolutionConfigurationPlatforms) = preSolution
		Debug|Any CPU = Debug|Any CPU
		Release|Any CPU = Release|Any CPU
	EndGlobalSection
	GlobalSection(ProjectConfigurationPlatforms) = postSolution
		{34E6B509-268E-474D-AD98-66CF096E425B}.Debug|Any CPU.ActiveCfg = Debug|Any CPU
		{34E6B509-268E-474D-AD98-66CF096E425B}.Debug|Any CPU.Build.0 = Debug|Any CPU
		{34E6B509-268E-474D-AD98-66CF096E425B}.Release|Any CPU.ActiveCfg = Release|Any CPU
		{34E6B509-268E-474D-AD98-66CF096E425B}.Release|Any CPU.Build.0 = Release|Any CPU
	EndGlobalSection
EndGlobal
